
Microsoft Visual Studio Solution File, Format Version 12.00
# Visual Studio Version 17
VisualStudioVersion = 17.0.31919.166
MinimumVisualStudioVersion = 10.0.40219.1
Project("{9A19103F-16F7-4668-BE54-9A1E7A4F7556}") = "Common", "Common\Common.csproj", "{DD5CCE40-5980-4668-9C60-242D286FC29D}"
EndProject
Project("{9A19103F-16F7-4668-BE54-9A1E7A4F7556}") = "CommonTests", "CommonTests\CommonTests\CommonTests.csproj", "{A3D20009-1CC0-4401-8B7E-322C6F08B611}"
EndProject
Project("{9A19103F-16F7-4668-BE54-9A1E7A4F7556}") = "CommonPrototype", "CommonPrototype\CommonPrototype.csproj", "{0A109751-CF1D-430C-BDA4-7F2C8C0A4337}"
EndProject
Global
	GlobalSection(SolutionConfigurationPlatforms) = preSolution
		Debug|Any CPU = Debug|Any CPU
		Release|Any CPU = Release|Any CPU
	EndGlobalSection
	GlobalSection(ProjectConfigurationPlatforms) = postSolution
		{DD5CCE40-5980-4668-9C60-242D286FC29D}.Debug|Any CPU.ActiveCfg = Debug|Any CPU
		{DD5CCE40-5980-4668-9C60-242D286FC29D}.Debug|Any CPU.Build.0 = Debug|Any CPU
		{DD5CCE40-5980-4668-9C60-242D286FC29D}.Release|Any CPU.ActiveCfg = Release|Any CPU
		{DD5CCE40-5980-4668-9C60-242D286FC29D}.Release|Any CPU.Build.0 = Release|Any CPU
		{A3D20009-1CC0-4401-8B7E-322C6F08B611}.Debug|Any CPU.ActiveCfg = Debug|Any CPU
		{A3D20009-1CC0-4401-8B7E-322C6F08B611}.Debug|Any CPU.Build.0 = Debug|Any CPU
		{A3D20009-1CC0-4401-8B7E-322C6F08B611}.Release|Any CPU.ActiveCfg = Release|Any CPU
		{A3D20009-1CC0-4401-8B7E-322C6F08B611}.Release|Any CPU.Build.0 = Release|Any CPU
		{0A109751-CF1D-430C-BDA4-7F2C8C0A4337}.Debug|Any CPU.ActiveCfg = Debug|Any CPU
		{0A109751-CF1D-430C-BDA4-7F2C8C0A4337}.Debug|Any CPU.Build.0 = Debug|Any CPU
		{0A109751-CF1D-430C-BDA4-7F2C8C0A4337}.Release|Any CPU.ActiveCfg = Release|Any CPU
		{0A109751-CF1D-430C-BDA4-7F2C8C0A4337}.Release|Any CPU.Build.0 = Release|Any CPU
	EndGlobalSection
	GlobalSection(SolutionProperties) = preSolution
		HideSolutionNode = FALSE
	EndGlobalSection
	GlobalSection(ExtensibilityGlobals) = postSolution
		SolutionGuid = {A3751092-8B75-4B00-9EF2-E00C6142BF29}
	EndGlobalSection
EndGlobal
